# This file is automatically @generated by Cargo.
# It is not intended for manual editing.
version = 4

[[package]]
name = "gjallarbru-core"
version = "0.1.0"
dependencies = [
 "gjallarbru-crypto",
 "gjallarbru-wire",
]

[[package]]
name = "gjallarbru-crypto"
version = "0.1.0"

[[package]]
name = "gjallarbru-runtime"
version = "0.2.0"
dependencies = [
 "gjallarbru-core",
 "gjallarbru-wire",
]

[[package]]
name = "gjallarbru-server"
version = "0.2.0"
dependencies = [
 "gjallarbru-runtime",
]

[[package]]
name = "gjallarbru-wire"
version = "0.1.0"
